
Microsoft Visual Studio Solution File, Format Version 12.00
# Visual Studio Version 16
VisualStudioVersion = 16.0.30011.22
MinimumVisualStudioVersion = 10.0.40219.1
Project("{FAE04EC0-301F-11D3-BF4B-00C04F79EFBC}") = "MathQuiz", "MathQuiz\MathQuiz.csproj", "{671E694A-4CD4-4E25-B5C4-1E2E56C8E0F7}"
EndProject
Global
	GlobalSection(SolutionConfigurationPlatforms) = preSolution
		Debug|Any CPU = Debug|Any CPU
		Release|Any CPU = Release|Any CPU
	EndGlobalSection
	GlobalSection(ProjectConfigurationPlatforms) = postSolution
		{671E694A-4CD4-4E25-B5C4-1E2E56C8E0F7}.Debug|Any CPU.ActiveCfg = Debug|Any CPU
		{671E694A-4CD4-4E25-B5C4-1E2E56C8E0F7}.Debug|Any CPU.Build.0 = Debug|Any CPU
		{671E694A-4CD4-4E25-B5C4-1E2E56C8E0F7}.Release|Any CPU.ActiveCfg = Release|Any CPU
		{671E694A-4CD4-4E25-B5C4-1E2E56C8E0F7}.Release|Any CPU.Build.0 = Release|Any CPU
	EndGlobalSection
	GlobalSection(SolutionProperties) = preSolution
		HideSolutionNode = FALSE
	EndGlobalSection
	GlobalSection(ExtensibilityGlobals) = postSolution
		SolutionGuid = {E74D52FB-9AC2-4A25-9498-08CA5F02DCB5}
	EndGlobalSection
EndGlobal
